
Microsoft Visual Studio Solution File, Format Version 12.00
# Visual Studio Version 17
VisualStudioVersion = 17.1.32228.430
MinimumVisualStudioVersion = 10.0.40219.1
Project("{9A19103F-16F7-4668-BE54-9A1E7A4F7556}") = "Task_1", "Task_1\Task_1.csproj", "{626FF396-A25F-4554-A2F3-0A0F09D24FFF}"
EndProject
Project("{9A19103F-16F7-4668-BE54-9A1E7A4F7556}") = "Task_2", "Task_2\Task_2.csproj", "{2528F839-B90E-4B86-B183-CC68CE7386A1}"
EndProject
Project("{FAE04EC0-301F-11D3-BF4B-00C04F79EFBC}") = "Task_3", "Task_3\Task_3.csproj", "{10C063BD-44B1-4A91-B3E1-4484DB06C63A}"
EndProject
Project("{FAE04EC0-301F-11D3-BF4B-00C04F79EFBC}") = "Task_4", "Task_4\Task_4.csproj", "{90996F2E-FEAD-4F83-84CC-83A1605BAE7F}"
EndProject
Project("{FAE04EC0-301F-11D3-BF4B-00C04F79EFBC}") = "Task_5", "Task_5\Task_5.csproj", "{A955C578-7E1D-497F-813B-6C9F8EFD2A82}"
EndProject
Global
	GlobalSection(SolutionConfigurationPlatforms) = preSolution
		Debug|Any CPU = Debug|Any CPU
		Release|Any CPU = Release|Any CPU
	EndGlobalSection
	GlobalSection(ProjectConfigurationPlatforms) = postSolution
		{626FF396-A25F-4554-A2F3-0A0F09D24FFF}.Debug|Any CPU.ActiveCfg = Debug|Any CPU
		{626FF396-A25F-4554-A2F3-0A0F09D24FFF}.Debug|Any CPU.Build.0 = Debug|Any CPU
		{626FF396-A25F-4554-A2F3-0A0F09D24FFF}.Release|Any CPU.ActiveCfg = Release|Any CPU
		{626FF396-A25F-4554-A2F3-0A0F09D24FFF}.Release|Any CPU.Build.0 = Release|Any CPU
		{2528F839-B90E-4B86-B183-CC68CE7386A1}.Debug|Any CPU.ActiveCfg = Debug|Any CPU
		{2528F839-B90E-4B86-B183-CC68CE7386A1}.Debug|Any CPU.Build.0 = Debug|Any CPU
		{2528F839-B90E-4B86-B183-CC68CE7386A1}.Release|Any CPU.ActiveCfg = Release|Any CPU
		{2528F839-B90E-4B86-B183-CC68CE7386A1}.Release|Any CPU.Build.0 = Release|Any CPU
		{10C063BD-44B1-4A91-B3E1-4484DB06C63A}.Debug|Any CPU.ActiveCfg = Debug|Any CPU
		{10C063BD-44B1-4A91-B3E1-4484DB06C63A}.Debug|Any CPU.Build.0 = Debug|Any CPU
		{10C063BD-44B1-4A91-B3E1-4484DB06C63A}.Release|Any CPU.ActiveCfg = Release|Any CPU
		{10C063BD-44B1-4A91-B3E1-4484DB06C63A}.Release|Any CPU.Build.0 = Release|Any CPU
		{90996F2E-FEAD-4F83-84CC-83A1605BAE7F}.Debug|Any CPU.ActiveCfg = Debug|Any CPU
		{90996F2E-FEAD-4F83-84CC-83A1605BAE7F}.Debug|Any CPU.Build.0 = Debug|Any CPU
		{90996F2E-FEAD-4F83-84CC-83A1605BAE7F}.Release|Any CPU.ActiveCfg = Release|Any CPU
		{90996F2E-FEAD-4F83-84CC-83A1605BAE7F}.Release|Any CPU.Build.0 = Release|Any CPU
		{A955C578-7E1D-497F-813B-6C9F8EFD2A82}.Debug|Any CPU.ActiveCfg = Debug|Any CPU
		{A955C578-7E1D-497F-813B-6C9F8EFD2A82}.Debug|Any CPU.Build.0 = Debug|Any CPU
		{A955C578-7E1D-497F-813B-6C9F8EFD2A82}.Release|Any CPU.ActiveCfg = Release|Any CPU
		{A955C578-7E1D-497F-813B-6C9F8EFD2A82}.Release|Any CPU.Build.0 = Release|Any CPU
	EndGlobalSection
	GlobalSection(SolutionProperties) = preSolution
		HideSolutionNode = FALSE
	EndGlobalSection
	GlobalSection(ExtensibilityGlobals) = postSolution
		SolutionGuid = {9CFD0467-2BB8-4D15-98DD-2266E5D03AED}
	EndGlobalSection
EndGlobal
